github.com/gorilla/mux v1.8.1 h1:TuBL49tXwgrFYWhqrNgrUNEY92u81SPhu7sTdzQEiWY=
github.com/gorilla/mux v1.8.1/go.mod h1:AKf9I4AEqPTmMytcMc0KkNouC66V3BtZ4qD5fmWSiMQ=
gopkg.in/robfig/cron.v2 v2.0.0-20150107220207-be2e0b0deed5 h1:E846t8CnR+lv5nE+VuiKTDG/v1U2stad0QzddfJC7kY=
gopkg.in/robfig/cron.v2 v2.0.0-20150107220207-be2e0b0deed5/go.mod h1:hiOFpYm0ZJbusNj2ywpbrXowU3G8U6GIQzqn2mw1UIE=
